
Microsoft Visual Studio Solution File, Format Version 12.00
# Visual Studio Version 16
VisualStudioVersion = 16.0.30413.136
MinimumVisualStudioVersion = 10.0.40219.1
Project("{FAE04EC0-301F-11D3-BF4B-00C04F79EFBC}") = "WebApplication", "WebApplication.csproj", "{D9915586-5B5D-4B02-AA1F-8931BBFE9F74}"
EndProject
Global
	GlobalSection(SolutionConfigurationPlatforms) = preSolution
		Debug|Any CPU = Debug|Any CPU
		Release|Any CPU = Release|Any CPU
	EndGlobalSection
	GlobalSection(ProjectConfigurationPlatforms) = postSolution
		{D9915586-5B5D-4B02-AA1F-8931BBFE9F74}.Debug|Any CPU.ActiveCfg = Debug|Any CPU
		{D9915586-5B5D-4B02-AA1F-8931BBFE9F74}.Debug|Any CPU.Build.0 = Debug|Any CPU
		{D9915586-5B5D-4B02-AA1F-8931BBFE9F74}.Release|Any CPU.ActiveCfg = Release|Any CPU
		{D9915586-5B5D-4B02-AA1F-8931BBFE9F74}.Release|Any CPU.Build.0 = Release|Any CPU
	EndGlobalSection
	GlobalSection(SolutionProperties) = preSolution
		HideSolutionNode = FALSE
	EndGlobalSection
	GlobalSection(ExtensibilityGlobals) = postSolution
		SolutionGuid = {18EBC0EA-38BF-4790-B9A8-68D210150039}
	EndGlobalSection
EndGlobal
