
Microsoft Visual Studio Solution File, Format Version 12.00
# Visual Studio Version 16
VisualStudioVersion = 16.0.30413.136
MinimumVisualStudioVersion = 10.0.40219.1
Project("{FAE04EC0-301F-11D3-BF4B-00C04F79EFBC}") = "WindowsFormsApp1", "WindowsFormsApp1.csproj", "{1F589370-4D7E-4AE4-B605-9B1D802A8DB7}"
EndProject
Global
	GlobalSection(SolutionConfigurationPlatforms) = preSolution
		Debug|Any CPU = Debug|Any CPU
		Release|Any CPU = Release|Any CPU
	EndGlobalSection
	GlobalSection(ProjectConfigurationPlatforms) = postSolution
		{1F589370-4D7E-4AE4-B605-9B1D802A8DB7}.Debug|Any CPU.ActiveCfg = Debug|Any CPU
		{1F589370-4D7E-4AE4-B605-9B1D802A8DB7}.Debug|Any CPU.Build.0 = Debug|Any CPU
		{1F589370-4D7E-4AE4-B605-9B1D802A8DB7}.Release|Any CPU.ActiveCfg = Release|Any CPU
		{1F589370-4D7E-4AE4-B605-9B1D802A8DB7}.Release|Any CPU.Build.0 = Release|Any CPU
	EndGlobalSection
	GlobalSection(SolutionProperties) = preSolution
		HideSolutionNode = FALSE
	EndGlobalSection
	GlobalSection(ExtensibilityGlobals) = postSolution
		SolutionGuid = {61C92CC0-70EE-4B7C-8D44-CABCF9DF98C2}
	EndGlobalSection
EndGlobal
